
Microsoft Visual Studio Solution File, Format Version 12.00
# Visual Studio Version 17
VisualStudioVersion = 17.4.33213.308
MinimumVisualStudioVersion = 10.0.40219.1
Project("{FAE04EC0-301F-11D3-BF4B-00C04F79EFBC}") = "Tarefa17", "Tarefa17\Tarefa17.csproj", "{0C9BB050-AE67-4FD8-9493-9E8770C3280B}"
EndProject
Global
	GlobalSection(SolutionConfigurationPlatforms) = preSolution
		Debug|Any CPU = Debug|Any CPU
		Release|Any CPU = Release|Any CPU
	EndGlobalSection
	GlobalSection(ProjectConfigurationPlatforms) = postSolution
		{0C9BB050-AE67-4FD8-9493-9E8770C3280B}.Debug|Any CPU.ActiveCfg = Debug|Any CPU
		{0C9BB050-AE67-4FD8-9493-9E8770C3280B}.Debug|Any CPU.Build.0 = Debug|Any CPU
		{0C9BB050-AE67-4FD8-9493-9E8770C3280B}.Release|Any CPU.ActiveCfg = Release|Any CPU
		{0C9BB050-AE67-4FD8-9493-9E8770C3280B}.Release|Any CPU.Build.0 = Release|Any CPU
	EndGlobalSection
	GlobalSection(SolutionProperties) = preSolution
		HideSolutionNode = FALSE
	EndGlobalSection
	GlobalSection(ExtensibilityGlobals) = postSolution
		SolutionGuid = {2C54A062-7075-487C-8562-85499E39EB59}
	EndGlobalSection
EndGlobal
